
Microsoft Visual Studio Solution File, Format Version 12.00
# Visual Studio Version 17
VisualStudioVersion = 17.11.35222.181
MinimumVisualStudioVersion = 10.0.40219.1
Project("{9A19103F-16F7-4668-BE54-9A1E7A4F7556}") = "GameManage", "GameManage\GameManage.csproj", "{22E04DCC-F705-4C7F-9DD1-6CF214B99331}"
EndProject
Project("{9A19103F-16F7-4668-BE54-9A1E7A4F7556}") = "GameManage.DAL", "GameManage.DAL\GameManage.DAL.csproj", "{2E09F931-41E0-4FE5-8862-2F72578DE936}"
EndProject
Project("{9A19103F-16F7-4668-BE54-9A1E7A4F7556}") = "GameManage.BLL", "GameManage.BLL\GameManage.BLL.csproj", "{B4E950A1-AEA0-47F7-9FB6-991028C700D3}"
EndProject
Global
	GlobalSection(SolutionConfigurationPlatforms) = preSolution
		Debug|Any CPU = Debug|Any CPU
		Release|Any CPU = Release|Any CPU
	EndGlobalSection
	GlobalSection(ProjectConfigurationPlatforms) = postSolution
		{22E04DCC-F705-4C7F-9DD1-6CF214B99331}.Debug|Any CPU.ActiveCfg = Debug|Any CPU
		{22E04DCC-F705-4C7F-9DD1-6CF214B99331}.Debug|Any CPU.Build.0 = Debug|Any CPU
		{22E04DCC-F705-4C7F-9DD1-6CF214B99331}.Release|Any CPU.ActiveCfg = Release|Any CPU
		{22E04DCC-F705-4C7F-9DD1-6CF214B99331}.Release|Any CPU.Build.0 = Release|Any CPU
		{2E09F931-41E0-4FE5-8862-2F72578DE936}.Debug|Any CPU.ActiveCfg = Debug|Any CPU
		{2E09F931-41E0-4FE5-8862-2F72578DE936}.Debug|Any CPU.Build.0 = Debug|Any CPU
		{2E09F931-41E0-4FE5-8862-2F72578DE936}.Release|Any CPU.ActiveCfg = Release|Any CPU
		{2E09F931-41E0-4FE5-8862-2F72578DE936}.Release|Any CPU.Build.0 = Release|Any CPU
		{B4E950A1-AEA0-47F7-9FB6-991028C700D3}.Debug|Any CPU.ActiveCfg = Debug|Any CPU
		{B4E950A1-AEA0-47F7-9FB6-991028C700D3}.Debug|Any CPU.Build.0 = Debug|Any CPU
		{B4E950A1-AEA0-47F7-9FB6-991028C700D3}.Release|Any CPU.ActiveCfg = Release|Any CPU
		{B4E950A1-AEA0-47F7-9FB6-991028C700D3}.Release|Any CPU.Build.0 = Release|Any CPU
	EndGlobalSection
	GlobalSection(SolutionProperties) = preSolution
		HideSolutionNode = FALSE
	EndGlobalSection
	GlobalSection(ExtensibilityGlobals) = postSolution
		SolutionGuid = {12FC11AB-AA20-462F-8AB1-DEE0F5A44A33}
	EndGlobalSection
EndGlobal
